// !$*UTF8*$!
{
	archiveVersion = 1;
	classes = {
	};
	objectVersion = 48;
	objects = {

/* Begin PBXBuildFile section */
		88FA039A201E1FFA007B5611 /* AppDelegate.swift in Sources */ = {isa = PBXBuildFile; fileRef = 88FA0399201E1FFA007B5611 /* AppDelegate.swift */; };
		88FA039C201E1FFA007B5611 /* ViewController.swift in Sources */ = {isa = PBXBuildFile; fileRef = 88FA039B201E1FFA007B5611 /* ViewController.swift */; };
		88FA039F201E1FFA007B5611 /* Main.storyboard in Resources */ = {isa = PBXBuildFile; fileRef = 88FA039D201E1FFA007B5611 /* Main.storyboard */; };
		88FA03A1201E1FFA007B5611 /* Assets.xcassets in Resources */ = {isa = PBXBuildFile; fileRef = 88FA03A0201E1FFA007B5611 /* Assets.xcassets */; };
		88FA03A4201E1FFA007B5611 /* LaunchScreen.storyboard in Resources */ = {isa = PBXBuildFile; fileRef = 88FA03A2201E1FFA007B5611 /* LaunchScreen.storyboard */; };
/* End PBXBuildFile section */

/* Begin PBXFileReference section */
		88FA0396201E1FFA007B5611 /* MovingOne.app */ = {isa = PBXFileReference; explicitFileType = wrapper.application; includeInIndex = 0; path = MovingOne.app; sourceTree = BUILT_PRODUCTS_DIR; };
		88FA0399201E1FFA007B5611 /* AppDelegate.swift */ = {isa = PBXFileReference; lastKnownFileType = sourcecode.swift; path = AppDelegate.swift; sourceTree = "<group>"; };
		88FA039B201E1FFA007B5611 /* ViewController.swift */ = {isa = PBXFileReference; lastKnownFileType = sourcecode.swift; path = ViewController.swift; sourceTree = "<group>"; };
		88FA039E201E1FFA007B5611 /* Base */ = {isa = PBXFileReference; lastKnownFileType = file.storyboard; name = Base; path = Base.lproj/Main.storyboard; sourceTree = "<group>"; };
		88FA03A0201E1FFA007B5611 /* Assets.xcassets */ = {isa = PBXFileReference; lastKnownFileType = folder.assetcatalog; path = Assets.xcassets; sourceTree = "<group>"; };
		88FA03A3201E1FFA007B5611 /* Base */ = {isa = PBXFileReference; lastKnownFileType = file.storyboard; name = Base; path = Base.lproj/LaunchScreen.storyboard; sourceTree = "<group>"; };
		88FA03A5201E1FFA007B5611 /* Info.plist */ = {isa = PBXFileReference; lastKnownFileType = text.plist.xml; path = Info.plist; sourceTree = "<group>"; };
/* End PBXFileReference section */

/* Begin PBXFrameworksBuildPhase section */
		88FA0393201E1FFA007B5611 /* Frameworks */ = {
			isa = PBXFrameworksBuildPhase;
			buildActionMask = 2147483647;
			files = (
			);
			runOnlyForDeploymentPostprocessing = 0;
		};
/* End PBXFrameworksBuildPhase section */

/* Begin PBXGroup section */
		88FA038D201E1FFA007B5611 = {
			isa = PBXGroup;
			children = (
				88FA0398201E1FFA007B5611 /* MovingOne */,
				88FA0397201E1FFA007B5611 /* Products */,
			);
			sourceTree = "<group>";
		};
		88FA0397201E1FFA007B5611 /* Products */ = {
			isa = PBXGroup;
			children = (
				88FA0396201E1FFA007B5611 /* MovingOne.app */,
			);
			name = Products;
			sourceTree = "<group>";
		};
		88FA0398201E1FFA007B5611 /* MovingOne */ = {
			isa = PBXGroup;
			children = (
				88FA0399201E1FFA007B5611 /* AppDelegate.swift */,
				88FA039B201E1FFA007B5611 /* ViewController.swift */,
				88FA039D201E1FFA007B5611 /* Main.storyboard */,
				88FA03A0201E1FFA007B5611 /* Assets.xcassets */,
				88FA03A2201E1FFA007B5611 /* LaunchScreen.storyboard */,
				88FA03A5201E1FFA007B5611 /* Info.plist */,
			);
			path = MovingOne;
			sourceTree = "<group>";
		};
/* End PBXGroup section */

/* Begin PBXNativeTarget section */
		88FA0395201E1FFA007B5611 /* MovingOne */ = {
			isa = PBXNativeTarget;
			buildConfigurationList = 88FA03A8201E1FFA007B5611 /* Build configuration list for PBXNativeTarget "MovingOne" */;
			buildPhases = (
				88FA0392201E1FFA007B5611 /* Sources */,
				88FA0393201E1FFA007B5611 /* Frameworks */,
				88FA0394201E1FFA007B5611 /* Resources */,
			);
			buildRules = (
			);
			dependencies = (
			);
			name = MovingOne;
			productName = MovingOne;
			productReference = 88FA0396201E1FFA007B5611 /* MovingOne.app */;
			productType = "com.apple.product-type.application";
		};
/* End PBXNativeTarget section */

/* Begin PBXProject section */
		88FA038E201E1FFA007B5611 /* Project object */ = {
			isa = PBXProject;
			attributes = {
				LastSwiftUpdateCheck = 0920;
				LastUpgradeCheck = 0920;
				ORGANIZATIONNAME = yoojonghyun;
				TargetAttributes = {
					88FA0395201E1FFA007B5611 = {
						CreatedOnToolsVersion = 9.2;
						ProvisioningStyle = Automatic;
					};
				};
			};
			buildConfigurationList = 88FA0391201E1FFA007B5611 /* Build configuration list for PBXProject "MovingOne" */;
			compatibilityVersion = "Xcode 8.0";
			developmentRegion = en;
			hasScannedForEncodings = 0;
			knownRegions = (
				en,
				Base,
			);
			mainGroup = 88FA038D201E1FFA007B5611;
			productRefGroup = 88FA0397201E1FFA007B5611 /* Products */;
			projectDirPath = "";
			projectRoot = "";
			targets = (
				88FA0395201E1FFA007B5611 /* MovingOne */,
			);
		};
/* End PBXProject section */

/* Begin PBXResourcesBuildPhase section */
		88FA0394201E1FFA007B5611 /* Resources */ = {
			isa = PBXResourcesBuildPhase;
			buildActionMask = 2147483647;
			files = (
				88FA03A4201E1FFA007B5611 /* LaunchScreen.storyboard in Resources */,
				88FA03A1201E1FFA007B5611 /* Assets.xcassets in Resources */,
				88FA039F201E1FFA007B5611 /* Main.storyboard in Resources */,
			);
			runOnlyForDeploymentPostprocessing = 0;
		};
/* End PBXResourcesBuildPhase section */

/* Begin PBXSourcesBuildPhase section */
		88FA0392201E1FFA007B5611 /* Sources */ = {
			isa = PBXSourcesBuildPhase;
			buildActionMask = 2147483647;
			files = (
				88FA039C201E1FFA007B5611 /* ViewController.swift in Sources */,
				88FA039A201E1FFA007B5611 /* AppDelegate.swift in Sources */,
			);
			runOnlyForDeploymentPostprocessing = 0;
		};
/* End PBXSourcesBuildPhase section */

/* Begin PBXVariantGroup section */
		88FA039D201E1FFA007B5611 /* Main.storyboard */ = {
			isa = PBXVariantGroup;
			children = (
				88FA039E201E1FFA007B5611 /* Base */,
			);
			name = Main.storyboard;
			sourceTree = "<group>";
		};
		88FA03A2201E1FFA007B5611 /* LaunchScreen.storyboard */ = {
			isa = PBXVariantGroup;
			children = (
				88FA03A3201E1FFA007B5611 /* Base */,
			);
			name = LaunchScreen.storyboard;
			sourceTree = "<group>";
		};
/* End PBXVariantGroup section */

/* Begin XCBuildConfiguration section */
		88FA03A6201E1FFA007B5611 /* Debug */ = {
			isa = XCBuildConfiguration;
			buildSettings = {
				ALWAYS_SEARCH_USER_PATHS = NO;
				CLANG_ANALYZER_NONNULL = YES;
				CLANG_ANALYZER_NUMBER_OBJECT_CONVERSION = YES_AGGRESSIVE;
				CLANG_CXX_LANGUAGE_STANDARD = "gnu++14";
				CLANG_CXX_LIBRARY = "libc++";
				CLANG_ENABLE_MODULES = YES;
				CLANG_ENABLE_OBJC_ARC = YES;
				CLANG_WARN_BLOCK_CAPTURE_AUTORELEASING = YES;
				CLANG_WARN_BOOL_CONVERSION = YES;
				CLANG_WARN_COMMA = YES;
				CLANG_WARN_CONSTANT_CONVERSION = YES;
				CLANG_WARN_DIRECT_OBJC_ISA_USAGE = YES_ERROR;
				CLANG_WARN_DOCUMENTATION_COMMENTS = YES;
				CLANG_WARN_EMPTY_BODY = YES;
				CLANG_WARN_ENUM_CONVERSION = YES;
				CLANG_WARN_INFINITE_RECURSION = YES;
				CLANG_WARN_INT_CONVERSION = YES;
				CLANG_WARN_NON_LITERAL_NULL_CONVERSION = YES;
				CLANG_WARN_OBJC_LITERAL_CONVERSION = YES;
				CLANG_WARN_OBJC_ROOT_CLASS = YES_ERROR;
				CLANG_WARN_RANGE_LOOP_ANALYSIS = YES;
				CLANG_WARN_STRICT_PROTOTYPES = YES;
				CLANG_WARN_SUSPICIOUS_MOVE = YES;
				CLANG_WARN_UNGUARDED_AVAILABILITY = YES_AGGRESSIVE;
				CLANG_WARN_UNREACHABLE_CODE = YES;
				CLANG_WARN__DUPLICATE_METHOD_MATCH = YES;
				CODE_SIGN_IDENTITY = "iPhone Developer";
				COPY_PHASE_STRIP = NO;
				DEBUG_INFORMATION_FORMAT = dwarf;
				ENABLE_STRICT_OBJC_MSGSEND = YES;
				ENABLE_TESTABILITY = YES;
				GCC_C_LANGUAGE_STANDARD = gnu11;
				GCC_DYNAMIC_NO_PIC = NO;
				GCC_NO_COMMON_BLOCKS = YES;
				GCC_OPTIMIZATION_LEVEL = 0;
				GCC_PREPROCESSOR_DEFINITIONS = (
					"DEBUG=1",
					"$(inherited)",
				);
				GCC_WARN_64_TO_32_BIT_CONVERSION = YES;
				GCC_WARN_ABOUT_RETURN_TYPE = YES_ERROR;
				GCC_WARN_UNDECLARED_SELECTOR = YES;
				GCC_WARN_UNINITIALIZED_AUTOS = YES_AGGRESSIVE;
				GCC_WARN_UNUSED_FUNCTION = YES;
				GCC_WARN_UNUSED_VARIABLE = YES;
				IPHONEOS_DEPLOYMENT_TARGET = 11.2;
				MTL_ENABLE_DEBUG_INFO = YES;
				ONLY_ACTIVE_ARCH = YES;
				SDKROOT = iphoneos;
				SWIFT_ACTIVE_COMPILATION_CONDITIONS = DEBUG;
				SWIFT_OPTIMIZATION_LEVEL = "-Onone";
			};
			name = Debug;
		};
		88FA03A7201E1FFA007B5611 /* Release */ = {
			isa = XCBuildConfiguration;
			buildSettings = {
				ALWAYS_SEARCH_USER_PATHS = NO;
				CLANG_ANALYZER_NONNULL = YES;
				CLANG_ANALYZER_NUMBER_OBJECT_CONVERSION = YES_AGGRESSIVE;
				CLANG_CXX_LANGUAGE_STANDARD = "gnu++14";
				CLANG_CXX_LIBRARY = "libc++";
				CLANG_ENABLE_MODULES = YES;
				CLANG_ENABLE_OBJC_ARC = YES;
				CLANG_WARN_BLOCK_CAPTURE_AUTORELEASING = YES;
				CLANG_WARN_BOOL_CONVERSION = YES;
				CLANG_WARN_COMMA = YES;
				CLANG_WARN_CONSTANT_CONVERSION = YES;
				CLANG_WARN_DIRECT_OBJC_ISA_USAGE = YES_ERROR;
				CLANG_WARN_DOCUMENTATION_COMMENTS = YES;
				CLANG_WARN_EMPTY_BODY = YES;
				CLANG_WARN_ENUM_CONVERSION = YES;
				CLANG_WARN_INFINITE_RECURSION = YES;
				CLANG_WARN_INT_CONVERSION = YES;
				CLANG_WARN_NON_LITERAL_NULL_CONVERSION = YES;
				CLANG_WARN_OBJC_LITERAL_CONVERSION = YES;
				CLANG_WARN_OBJC_ROOT_CLASS = YES_ERROR;
				CLANG_WARN_RANGE_LOOP_ANALYSIS = YES;
				CLANG_WARN_STRICT_PROTOTYPES = YES;
				CLANG_WARN_SUSPICIOUS_MOVE = YES;
				CLANG_WARN_UNGUARDED_AVAILABILITY = YES_AGGRESSIVE;
				CLANG_WARN_UNREACHABLE_CODE = YES;
				CLANG_WARN__DUPLICATE_METHOD_MATCH = YES;
				CODE_SIGN_IDENTITY = "iPhone Developer";
				COPY_PHASE_STRIP = NO;
				DEBUG_INFORMATION_FORMAT = "dwarf-with-dsym";
				ENABLE_NS_ASSERTIONS = NO;
				ENABLE_STRICT_OBJC_MSGSEND = YES;
				GCC_C_LANGUAGE_STANDARD = gnu11;
				GCC_NO_COMMON_BLOCKS = YES;
				GCC_WARN_64_TO_32_BIT_CONVERSION = YES;
				GCC_WARN_ABOUT_RETURN_TYPE = YES_ERROR;
				GCC_WARN_UNDECLARED_SELECTOR = YES;
				GCC_WARN_UNINITIALIZED_AUTOS = YES_AGGRESSIVE;
				GCC_WARN_UNUSED_FUNCTION = YES;
				GCC_WARN_UNUSED_VARIABLE = YES;
				IPHONEOS_DEPLOYMENT_TARGET = 11.2;
				MTL_ENABLE_DEBUG_INFO = NO;
				SDKROOT = iphoneos;
				SWIFT_OPTIMIZATION_LEVEL = "-Owholemodule";
				VALIDATE_PRODUCT = YES;
			};
			name = Release;
		};
		88FA03A9201E1FFA007B5611 /* Debug */ = {
			isa = XCBuildConfiguration;
			buildSettings = {
				ASSETCATALOG_COMPILER_APPICON_NAME = AppIcon;
				CODE_SIGN_STYLE = Automatic;
				DEVELOPMENT_TEAM = SNK5Z868Q8;
				INFOPLIST_FILE = MovingOne/Info.plist;
				LD_RUNPATH_SEARCH_PATHS = "$(inherited) @executable_path/Frameworks";
				PRODUCT_BUNDLE_IDENTIFIER = com.tistory.homework.jamboa.MovingOne;
				PRODUCT_NAME = "$(TARGET_NAME)";
				SWIFT_VERSION = 4.0;
				TARGETED_DEVICE_FAMILY = "1,2";
			};
			name = Debug;
		};
		88FA03AA201E1FFA007B5611 /* Release */ = {
			isa = XCBuildConfiguration;
			buildSettings = {
				ASSETCATALOG_COMPILER_APPICON_NAME = AppIcon;
				CODE_SIGN_STYLE = Automatic;
				DEVELOPMENT_TEAM = SNK5Z868Q8;
				INFOPLIST_FILE = MovingOne/Info.plist;
				LD_RUNPATH_SEARCH_PATHS = "$(inherited) @executable_path/Frameworks";
				PRODUCT_BUNDLE_IDENTIFIER = com.tistory.homework.jamboa.MovingOne;
				PRODUCT_NAME = "$(TARGET_NAME)";
				SWIFT_VERSION = 4.0;
				TARGETED_DEVICE_FAMILY = "1,2";
			};
			name = Release;
		};
/* End XCBuildConfiguration section */

/* Begin XCConfigurationList section */
		88FA0391201E1FFA007B5611 /* Build configuration list for PBXProject "MovingOne" */ = {
			isa = XCConfigurationList;
			buildConfigurations = (
				88FA03A6201E1FFA007B5611 /* Debug */,
				88FA03A7201E1FFA007B5611 /* Release */,
			);
			defaultConfigurationIsVisible = 0;
			defaultConfigurationName = Release;
		};
		88FA03A8201E1FFA007B5611 /* Build configuration list for PBXNativeTarget "MovingOne" */ = {
			isa = XCConfigurationList;
			buildConfigurations = (
				88FA03A9201E1FFA007B5611 /* Debug */,
				88FA03AA201E1FFA007B5611 /* Release */,
			);
			defaultConfigurationIsVisible = 0;
			defaultConfigurationName = Release;
		};
/* End XCConfigurationList section */
	};
	rootObject = 88FA038E201E1FFA007B5611 /* Project object */;
}
